# This file is automatically @generated by Cargo.
# It is not intended for manual editing.
version = 4

[[package]]
name = "locode"
version = "0.0.0"
dependencies = [
 "locode-engine",
 "locode-host",
 "locode-packs",
 "locode-protocol",
 "locode-provider",
 "locode-tools",
]

[[package]]
name = "locode-engine"
version = "0.0.0"
dependencies = [
 "locode-host",
 "locode-packs",
 "locode-protocol",
 "locode-provider",
 "locode-tools",
]

[[package]]
name = "locode-exec"
version = "0.0.0"
dependencies = [
 "locode",
]

[[package]]
name = "locode-host"
version = "0.0.0"
dependencies = [
 "locode-protocol",
]

[[package]]
name = "locode-packs"
version = "0.0.0"
dependencies = [
 "locode-host",
 "locode-protocol",
 "locode-tools",
]

[[package]]
name = "locode-protocol"
version = "0.0.0"

[[package]]
name = "locode-provider"
version = "0.0.0"
dependencies = [
 "locode-protocol",
]

[[package]]
name = "locode-tools"
version = "0.0.0"
dependencies = [
 "locode-protocol",
]
